version = 1
revision = 3
requires-python = ">=3.13"

[[package]]
name = "basedpyright"
version = "1.34.0"
source = { registry = "https://pypi.org/simple" }
dependencies = [
    { name = "nodejs-wheel-binaries" },
]
sdist = { url = "https://files.pythonhosted.org/packages/a3/77/ded02ba2b400807b291fa2b9d29ac7f473e86a45d1f5212d8276e9029107/basedpyright-1.34.0.tar.gz", hash = "sha256:7ae3b06f644fac15fdd14a00d0d1f12f92a8205ae1609aabd5a0799b1a68be1d", size = 22803348, upload-time = "2025-11-19T14:48:16.38Z" }
wheels = [
    { url = "https://files.pythonhosted.org/packages/2a/9e/ced31964ed49f06be6197bd530958b6ddca9a079a8d7ee0ee7429cae9e27/basedpyright-1.34.0-py3-none-any.whl", hash = "sha256:e76015c1ebb671d2c6d7fef8a12bc0f1b9d15d74e17847b7b95a3a66e187c70f", size = 11865958, upload-time = "2025-11-19T14:48:13.724Z" },
]

[[package]]
name = "click"
version = "8.3.1"
source = { registry = "https://pypi.org/simple" }
dependencies = [
    { name = "colorama", marker = "sys_platform == 'win32'" },
]
sdist = { url = "https://files.pythonhosted.org/packages/3d/fa/656b739db8587d7b5dfa22e22ed02566950fbfbcdc20311993483657a5c0/click-8.3.1.tar.gz", hash = "sha256:12ff4785d337a1bb490bb7e9c2b1ee5da3112e94a8622f26a6c77f5d2fc6842a", size = 295065, upload-time = "2025-11-15T20:45:42.706Z" }
wheels = [
    { url = "https://files.pythonhosted.org/packages/98/78/01c019cdb5d6498122777c1a43056ebb3ebfeef2076d9d026bfe15583b2b/click-8.3.1-py3-none-any.whl", hash = "sha256:981153a64e25f12d547d3426c367a4857371575ee7ad18df2a6183ab0545b2a6", size = 108274, upload-time = "2025-11-15T20:45:41.139Z" },
]

[[package]]
name = "colorama"
version = "0.4.6"
source = { registry = "https://pypi.org/simple" }
sdist = { url = "https://files.pythonhosted.org/packages/d8/53/6f443c9a4a8358a93a6792e2acffb9d9d5cb0a5cfd8802644b7b1c9a02e4/colorama-0.4.6.tar.gz", hash = "sha256:08695f5cb7ed6e0531a20572697297273c47b8cae5a63ffc6d6ed5c201be6e44", size = 27697, upload-time = "2022-10-25T02:36:22.414Z" }
wheels = [
    { url = "https://files.pythonhosted.org/packages/d1/d6/3965ed04c63042e047cb6a3e6ed1a63a35087b6a609aa3a15ed8ac56c221/colorama-0.4.6-py2.py3-none-any.whl", hash = "sha256:4f1d9991f5acc0ca119f9d443620b77f9d6b33703e51011c16baf57afb285fc6", size = 25335, upload-time = "2022-10-25T02:36:20.889Z" },
]

[[package]]
name = "gemini-cli-token-counts"
version = "0.1.0"
source = { virtual = "." }
dependencies = [
    { name = "orjson" },
    { name = "orjsonl" },
    { name = "typer" },
]

[package.dev-dependencies]
dev = [
    { name = "basedpyright" },
]

[package.metadata]
requires-dist = [
    { name = "orjson", specifier = ">=3.11.4" },
    { name = "orjsonl", specifier = ">=1.0.0" },
    { name = "typer", specifier = ">=0.20.0" },
]

[package.metadata.requires-dev]
dev = [{ name = "basedpyright", specifier = ">=1.34.0" }]

[[package]]
name = "isal"
version = "1.8.0"
source = { registry = "https://pypi.org/simple" }
sdist = { url = "https://files.pythonhosted.org/packages/9c/35/40ff3eabd401036f792cf55ba9cd19dcd5e3cb79aa5798332885ab0ff1b9/isal-1.8.0.tar.gz", hash = "sha256:124233e9a31a62030a07aafd48c26689561926f4e10417ed3ea46c211218f2b4", size = 4133365, upload-time = "2025-09-10T08:47:12.653Z" }
wheels = [
    { url = "https://files.pythonhosted.org/packages/e1/6b/11966680b6cdb040359901b8df235f5a7948c1104e38e0441e319f1e6365/isal-1.8.0-cp313-cp313-macosx_10_13_x86_64.whl", hash = "sha256:f9072de73d7e896f3785f1e5df7859d051424f17aa678a86f6e204c2f653b3ef", size = 237633, upload-time = "2025-09-10T08:47:32.497Z" },
    { url = "https://files.pythonhosted.org/packages/f1/22/232e516b2de02ce6c7c007e5dcf78f0bd854bd4d4e761fe6a409f2571ccb/isal-1.8.0-cp313-cp313-macosx_11_0_arm64.whl", hash = "sha256:57baeb782f14714adab7990402fe965f11f88c7de9456de3c5426c378c476de3", size = 189131, upload-time = "2025-09-10T08:43:22.11Z" },
    { url = "https://files.pythonhosted.org/packages/db/ff/b438cc054270f5fbea38f0f88185a8b696db6022029995bc301fd924ab38/isal-1.8.0-cp313-cp313-manylinux2014_aarch64.manylinux_2_17_aarch64.manylinux_2_28_aarch64.whl", hash = "sha256:1ced06c2e71028fc6755edec6a9de4f1f680fdc7dd22497de3118729043e8f28", size = 234376, upload-time = "2025-09-10T09:13:13.194Z" },
    { url = "https://files.pythonhosted.org/packages/20/94/47188fb4988456f750faeac1b5e656bea225eb44567344c5bb8c22dce620/isal-1.8.0-cp313-cp313-manylinux2014_x86_64.manylinux_2_17_x86_64.manylinux_2_28_x86_64.whl", hash = "sha256:df4550061cbc828def0e19f7cf59c8dfe8d585869bd33ed4c5ddf6f1c477f640", size = 264678, upload-time = "2025-09-10T08:47:03.25Z" },
    { url = "https://files.pythonhosted.org/packages/86/d1/ecef8dd3faf1c781fc53ada5266200254373e1b24c207ce237f8de6baa0e/isal-1.8.0-cp313-cp313-musllinux_1_2_aarch64.whl", hash = "sha256:5461b34053badb6a555601e39130a4e7d801e32d5c745adba2ed1ffe50583a8b", size = 235139, upload-time = "2025-09-10T09:13:14.162Z" },
    { url = "https://files.pythonhosted.org/packages/91/d2/bb46cb0cc0bf5ffdb55c970c7aa161b8188f63e320ab923501d4030d7f7a/isal-1.8.0-cp313-cp313-musllinux_1_2_x86_64.whl", hash = "sha256:2c91bc9d0421fdf86b3a377cef6b9c58e84104e3d5b69dd02a83ca8190823153", size = 266294, upload-time = "2025-09-10T08:47:04.242Z" },
    { url = "https://files.pythonhosted.org/packages/2f/56/932cf1d1471e74ea8b21958cbbcc98f49a49251de5f629c292fce02fa51b/isal-1.8.0-cp313-cp313-win_amd64.whl", hash = "sha256:e1b2118cdc4b4813f679d6b941ec3f9db8d433c260df02fbc5fc6e2a007457b8", size = 202996, upload-time = "2025-09-10T08:49:16.142Z" },
    { url = "https://files.pythonhosted.org/packages/a5/e0/3ffd41f69d3259344a0ee763dfb39521798ae2a4221e14a3a7f4e47f38a1/isal-1.8.0-cp314-cp314-macosx_10_13_x86_64.whl", hash = "sha256:272293b48fdd50b86b5c19fbae8b5938aad2efa1768d3ef66f070269c0420261", size = 237612, upload-time = "2025-09-10T08:47:33.369Z" },
    { url = "https://files.pythonhosted.org/packages/ea/d8/64829ef22e42772f940ae1c74a36c0e837157a2065960047e2e8eab22da8/isal-1.8.0-cp314-cp314-macosx_11_0_arm64.whl", hash = "sha256:26496d4dcc1bd473c0a0fd9302c6e97d994741a5109590afade60fb9896270da", size = 189161, upload-time = "2025-09-10T08:43:23.101Z" },
    { url = "https://files.pythonhosted.org/packages/1a/63/c43f1134f1c000355435d2347a3afdf2105e957958e0209edcd613d6531d/isal-1.8.0-cp314-cp314-manylinux2014_aarch64.manylinux_2_17_aarch64.manylinux_2_28_aarch64.whl", hash = "sha256:65695e42335249503b4af05773d556d01c2d6906473606b0d144f4aa03bf41dd", size = 234440, upload-time = "2025-09-10T09:13:15.153Z" },
    { url = "https://files.pythonhosted.org/packages/62/43/0bebab1f4c6e4503bd52e2a9871f41e197bea1f87b7bcaa60dc513f67998/isal-1.8.0-cp314-cp314-manylinux2014_x86_64.manylinux_2_17_x86_64.manylinux_2_28_x86_64.whl", hash = "sha256:1e7228932f08622d0463777106fcdc29d1ddc53900dd05257eea2c6a59094f6a", size = 264691, upload-time = "2025-09-10T08:47:05.407Z" },
    { url = "https://files.pythonhosted.org/packages/46/5f/f63af7a4687095d8c286fecb0b6b1dc4857bcffa7adad1014a8935f31002/isal-1.8.0-cp314-cp314-musllinux_1_2_aarch64.whl", hash = "sha256:f2204027a4cca57815ead299976c8afc94fae18ffb9287d5771d01cc907899ee", size = 235199, upload-time = "2025-09-10T09:13:16.123Z" },
    { url = "https://files.pythonhosted.org/packages/4d/d3/d2155f41d7f77fbdd97815c483a9c289ef0fe470da7cf4444c9950e67b0e/isal-1.8.0-cp314-cp314-musllinux_1_2_x86_64.whl", hash = "sha256:f437ea6b084343711e9f80245392b73dfdd7e7ed9d3555a3be399f05538217a7", size = 266305, upload-time = "2025-09-10T08:47:06.694Z" },
    { url = "https://files.pythonhosted.org/packages/9e/4a/46e2f69228cb60ae7150d87154018d4229dea91e59dab73df30d4024a075/isal-1.8.0-cp314-cp314-win_amd64.whl", hash = "sha256:1f4349bc7eb446977e9977d6c746e0a7b7089a34f234780c7636da525227a421", size = 208258, upload-time = "2025-09-10T08:49:17.425Z" },
    { url = "https://files.pythonhosted.org/packages/4d/2f/61df3b1768c923be7a35c6388154ddebd5a3c3e4880ac2942b8737cc95d1/isal-1.8.0-cp314-cp314t-macosx_10_13_x86_64.whl", hash = "sha256:f2bc7f828f93db859d05b20658389917082dadff91d10e097e493b68a24b2f23", size = 238612, upload-time = "2025-09-10T08:47:34.335Z" },
    { url = "https://files.pythonhosted.org/packages/3f/41/3d885d62929439bfc344afb414e7702475e16cbc16fbf5e9f3609f34d6c5/isal-1.8.0-cp314-cp314t-macosx_11_0_arm64.whl", hash = "sha256:8778153b53f36db545671c077a8f20734f7d34d7bdbc521bbe197aabfc6358d2", size = 190499, upload-time = "2025-09-10T08:43:24.353Z" },
    { url = "https://files.pythonhosted.org/packages/52/45/5ab58528dc47278898758a8a0c4813f00b519fef7b1d24431fa01185df79/isal-1.8.0-cp314-cp314t-manylinux2014_aarch64.manylinux_2_17_aarch64.manylinux_2_28_aarch64.whl", hash = "sha256:a0adc3d7354f79a25bd7c20a42d6a257ff9ade54b709b40a5ce05f0eb7085134", size = 236048, upload-time = "2025-09-10T09:13:17.117Z" },
    { url = "https://files.pythonhosted.org/packages/c6/ec/21416397eb988435786ab748fdabdb205854c0bdc618e2bcb797ffc811a0/isal-1.8.0-cp314-cp314t-manylinux2014_x86_64.manylinux_2_17_x86_64.manylinux_2_28_x86_64.whl", hash = "sha256:31662c3939b5653e29770e78eacf399dee8082486a3033c52e139108ee7f8767", size = 265915, upload-time = "2025-09-10T08:47:07.702Z" },
    { url = "https://files.pythonhosted.org/packages/f4/c6/a19dd99ae36a28c984aaeb77e06dedaac0d0d413c40792e37461fe0a228a/isal-1.8.0-cp314-cp314t-musllinux_1_2_aarch64.whl", hash = "sha256:e4f46ec4289e8dc74777a0199528f612f2b8aecd9f60a932990a4f66062bc509", size = 236583, upload-time = "2025-09-10T09:13:18.179Z" },
    { url = "https://files.pythonhosted.org/packages/4d/b2/47ee5ec9b9b67a792225895fb4683a1e3c721e8fe0a4d79d2822e43e4c59/isal-1.8.0-cp314-cp314t-musllinux_1_2_x86_64.whl", hash = "sha256:914442a3da17812fc5ab136da6aad2c5cee59d17bb9382b59f7a55efeea28988", size = 267585, upload-time = "2025-09-10T08:47:08.928Z" },
    { url = "https://files.pythonhosted.org/packages/e0/8a/768d91b6078f283c521b79e0a59d7e07a54a0bfab690ab90bcf4c641cc93/isal-1.8.0-cp314-cp314t-win_amd64.whl", hash = "sha256:e76946e7455b1614a6a00bf9ec6444baa3a5217e6806836e0e9a271f0d18f84d", size = 209399, upload-time = "2025-09-10T08:49:19.2Z" },
]

[[package]]
name = "markdown-it-py"
version = "4.0.0"
source = { registry = "https://pypi.org/simple" }
dependencies = [
    { name = "mdurl" },
]
sdist = { url = "https://files.pythonhosted.org/packages/5b/f5/4ec618ed16cc4f8fb3b701563655a69816155e79e24a17b651541804721d/markdown_it_py-4.0.0.tar.gz", hash = "sha256:cb0a2b4aa34f932c007117b194e945bd74e0ec24133ceb5bac59009cda1cb9f3", size = 73070, upload-time = "2025-08-11T12:57:52.854Z" }
wheels = [
    { url = "https://files.pythonhosted.org/packages/94/54/e7d793b573f298e1c9013b8c4dade17d481164aa517d1d7148619c2cedbf/markdown_it_py-4.0.0-py3-none-any.whl", hash = "sha256:87327c59b172c5011896038353a81343b6754500a08cd7a4973bb48c6d578147", size = 87321, upload-time = "2025-08-11T12:57:51.923Z" },
]

[[package]]
name = "mdurl"
version = "0.1.2"
source = { registry = "https://pypi.org/simple" }
sdist = { url = "https://files.pythonhosted.org/packages/d6/54/cfe61301667036ec958cb99bd3efefba235e65cdeb9c84d24a8293ba1d90/mdurl-0.1.2.tar.gz", hash = "sha256:bb413d29f5eea38f31dd4754dd7377d4465116fb207585f97bf925588687c1ba", size = 8729, upload-time = "2022-08-14T12:40:10.846Z" }
wheels = [
    { url = "https://files.pythonhosted.org/packages/b3/38/89ba8ad64ae25be8de66a6d463314cf1eb366222074cfda9ee839c56a4b4/mdurl-0.1.2-py3-none-any.whl", hash = "sha256:84008a41e51615a49fc9966191ff91509e3c40b939176e643fd50a5c2196b8f8", size = 9979, upload-time = "2022-08-14T12:40:09.779Z" },
]

[[package]]
name = "nodejs-wheel-binaries"
version = "24.11.1"
source = { registry = "https://pypi.org/simple" }
sdist = { url = "https://files.pythonhosted.org/packages/e4/89/da307731fdbb05a5f640b26de5b8ac0dc463fef059162accfc89e32f73bc/nodejs_wheel_binaries-24.11.1.tar.gz", hash = "sha256:413dfffeadfb91edb4d8256545dea797c237bba9b3faefea973cde92d96bb922", size = 8059, upload-time = "2025-11-18T18:21:58.207Z" }
wheels = [
    { url = "https://files.pythonhosted.org/packages/e4/5f/be5a4112e678143d4c15264d918f9a2dc086905c6426eb44515cf391a958/nodejs_wheel_binaries-24.11.1-py2.py3-none-macosx_13_0_arm64.whl", hash = "sha256:0e14874c3579def458245cdbc3239e37610702b0aa0975c1dc55e2cb80e42102", size = 55114309, upload-time = "2025-11-18T18:21:21.697Z" },
    { url = "https://files.pythonhosted.org/packages/fa/1c/2e9d6af2ea32b65928c42b3e5baa7a306870711d93c3536cb25fc090a80d/nodejs_wheel_binaries-24.11.1-py2.py3-none-macosx_13_0_x86_64.whl", hash = "sha256:c2741525c9874b69b3e5a6d6c9179a6fe484ea0c3d5e7b7c01121c8e5d78b7e2", size = 55285957, upload-time = "2025-11-18T18:21:27.177Z" },
    { url = "https://files.pythonhosted.org/packages/d0/79/35696d7ba41b1bd35ef8682f13d46ba38c826c59e58b86b267458eb53d87/nodejs_wheel_binaries-24.11.1-py2.py3-none-manylinux_2_28_aarch64.whl", hash = "sha256:5ef598101b0fb1c2bf643abb76dfbf6f76f1686198ed17ae46009049ee83c546", size = 59645875, upload-time = "2025-11-18T18:21:33.004Z" },
    { url = "https://files.pythonhosted.org/packages/b4/98/2a9694adee0af72bc602a046b0632a0c89e26586090c558b1c9199b187cc/nodejs_wheel_binaries-24.11.1-py2.py3-none-manylinux_2_28_x86_64.whl", hash = "sha256:cde41d5e4705266688a8d8071debf4f8a6fcea264c61292782672ee75a6905f9", size = 60140941, upload-time = "2025-11-18T18:21:37.228Z" },
    { url = "https://files.pythonhosted.org/packages/d0/d6/573e5e2cba9d934f5f89d0beab00c3315e2e6604eb4df0fcd1d80c5a07a8/nodejs_wheel_binaries-24.11.1-py2.py3-none-musllinux_1_2_aarch64.whl", hash = "sha256:78bc5bb889313b565df8969bb7423849a9c7fc218bf735ff0ce176b56b3e96f0", size = 61644243, upload-time = "2025-11-18T18:21:43.325Z" },
    { url = "https://files.pythonhosted.org/packages/c7/e6/643234d5e94067df8ce8d7bba10f3804106668f7a1050aeb10fdd226ead4/nodejs_wheel_binaries-24.11.1-py2.py3-none-musllinux_1_2_x86_64.whl", hash = "sha256:c79a7e43869ccecab1cae8183778249cceb14ca2de67b5650b223385682c6239", size = 62225657, upload-time = "2025-11-18T18:21:47.708Z" },
    { url = "https://files.pythonhosted.org/packages/4d/1c/2fb05127102a80225cab7a75c0e9edf88a0a1b79f912e1e36c7c1aaa8f4e/nodejs_wheel_binaries-24.11.1-py2.py3-none-win_amd64.whl", hash = "sha256:10197b1c9c04d79403501766f76508b0dac101ab34371ef8a46fcf51773497d0", size = 41322308, upload-time = "2025-11-18T18:21:51.347Z" },
    { url = "https://files.pythonhosted.org/packages/ad/b7/bc0cdbc2cc3a66fcac82c79912e135a0110b37b790a14c477f18e18d90cd/nodejs_wheel_binaries-24.11.1-py2.py3-none-win_arm64.whl", hash = "sha256:376b9ea1c4bc1207878975dfeb604f7aa5668c260c6154dcd2af9d42f7734116", size = 39026497, upload-time = "2025-11-18T18:21:54.634Z" },
]

[[package]]
name = "orjson"
version = "3.11.4"
source = { registry = "https://pypi.org/simple" }
sdist = { url = "https://files.pythonhosted.org/packages/c6/fe/ed708782d6709cc60eb4c2d8a361a440661f74134675c72990f2c48c785f/orjson-3.11.4.tar.gz", hash = "sha256:39485f4ab4c9b30a3943cfe99e1a213c4776fb69e8abd68f66b83d5a0b0fdc6d", size = 5945188, upload-time = "2025-10-24T15:50:38.027Z" }
wheels = [
    { url = "https://files.pythonhosted.org/packages/23/15/c52aa7112006b0f3d6180386c3a46ae057f932ab3425bc6f6ac50431cca1/orjson-3.11.4-cp313-cp313-macosx_10_15_x86_64.macosx_11_0_arm64.macosx_10_15_universal2.whl", hash = "sha256:2d6737d0e616a6e053c8b4acc9eccea6b6cce078533666f32d140e4f85002534", size = 243525, upload-time = "2025-10-24T15:49:29.737Z" },
    { url = "https://files.pythonhosted.org/packages/ec/38/05340734c33b933fd114f161f25a04e651b0c7c33ab95e9416ade5cb44b8/orjson-3.11.4-cp313-cp313-macosx_15_0_arm64.whl", hash = "sha256:afb14052690aa328cc118a8e09f07c651d301a72e44920b887c519b313d892ff", size = 128871, upload-time = "2025-10-24T15:49:31.109Z" },
    { url = "https://files.pythonhosted.org/packages/55/b9/ae8d34899ff0c012039b5a7cb96a389b2476e917733294e498586b45472d/orjson-3.11.4-cp313-cp313-manylinux_2_17_aarch64.manylinux2014_aarch64.whl", hash = "sha256:38aa9e65c591febb1b0aed8da4d469eba239d434c218562df179885c94e1a3ad", size = 130055, upload-time = "2025-10-24T15:49:33.382Z" },
    { url = "https://files.pythonhosted.org/packages/33/aa/6346dd5073730451bee3681d901e3c337e7ec17342fb79659ec9794fc023/orjson-3.11.4-cp313-cp313-manylinux_2_17_armv7l.manylinux2014_armv7l.whl", hash = "sha256:f2cf4dfaf9163b0728d061bebc1e08631875c51cd30bf47cb9e3293bfbd7dcd5", size = 129061, upload-time = "2025-10-24T15:49:34.935Z" },
    { url = "https://files.pythonhosted.org/packages/39/e4/8eea51598f66a6c853c380979912d17ec510e8e66b280d968602e680b942/orjson-3.11.4-cp313-cp313-manylinux_2_17_i686.manylinux2014_i686.whl", hash = "sha256:89216ff3dfdde0e4070932e126320a1752c9d9a758d6a32ec54b3b9334991a6a", size = 136541, upload-time = "2025-10-24T15:49:36.923Z" },
    { url = "https://files.pythonhosted.org/packages/9a/47/cb8c654fa9adcc60e99580e17c32b9e633290e6239a99efa6b885aba9dbc/orjson-3.11.4-cp313-cp313-manylinux_2_17_ppc64le.manylinux2014_ppc64le.whl", hash = "sha256:9daa26ca8e97fae0ce8aa5d80606ef8f7914e9b129b6b5df9104266f764ce436", size = 137535, upload-time = "2025-10-24T15:49:38.307Z" },
    { url = "https://files.pythonhosted.org/packages/43/92/04b8cc5c2b729f3437ee013ce14a60ab3d3001465d95c184758f19362f23/orjson-3.11.4-cp313-cp313-manylinux_2_17_s390x.manylinux2014_s390x.whl", hash = "sha256:5c8b2769dc31883c44a9cd126560327767f848eb95f99c36c9932f51090bfce9", size = 136703, upload-time = "2025-10-24T15:49:40.795Z" },
    { url = "https://files.pythonhosted.org/packages/aa/fd/d0733fcb9086b8be4ebcfcda2d0312865d17d0d9884378b7cffb29d0763f/orjson-3.11.4-cp313-cp313-manylinux_2_17_x86_64.manylinux2014_x86_64.whl", hash = "sha256:1469d254b9884f984026bd9b0fa5bbab477a4bfe558bba6848086f6d43eb5e73", size = 136293, upload-time = "2025-10-24T15:49:42.347Z" },
    { url = "https://files.pythonhosted.org/packages/c2/d7/3c5514e806837c210492d72ae30ccf050ce3f940f45bf085bab272699ef4/orjson-3.11.4-cp313-cp313-musllinux_1_2_aarch64.whl", hash = "sha256:68e44722541983614e37117209a194e8c3ad07838ccb3127d96863c95ec7f1e0", size = 140131, upload-time = "2025-10-24T15:49:43.638Z" },
    { url = "https://files.pythonhosted.org/packages/9c/dd/ba9d32a53207babf65bd510ac4d0faaa818bd0df9a9c6f472fe7c254f2e3/orjson-3.11.4-cp313-cp313-musllinux_1_2_armv7l.whl", hash = "sha256:8e7805fda9672c12be2f22ae124dcd7b03928d6c197544fe12174b86553f3196", size = 406164, upload-time = "2025-10-24T15:49:45.498Z" },
    { url = "https://files.pythonhosted.org/packages/8e/f9/f68ad68f4af7c7bde57cd514eaa2c785e500477a8bc8f834838eb696a685/orjson-3.11.4-cp313-cp313-musllinux_1_2_i686.whl", hash = "sha256:04b69c14615fb4434ab867bf6f38b2d649f6f300af30a6705397e895f7aec67a", size = 149859, upload-time = "2025-10-24T15:49:46.981Z" },
    { url = "https://files.pythonhosted.org/packages/b6/d2/7f847761d0c26818395b3d6b21fb6bc2305d94612a35b0a30eae65a22728/orjson-3.11.4-cp313-cp313-musllinux_1_2_x86_64.whl", hash = "sha256:639c3735b8ae7f970066930e58cf0ed39a852d417c24acd4a25fc0b3da3c39a6", size = 139926, upload-time = "2025-10-24T15:49:48.321Z" },
    { url = "https://files.pythonhosted.org/packages/9f/37/acd14b12dc62db9a0e1d12386271b8661faae270b22492580d5258808975/orjson-3.11.4-cp313-cp313-win32.whl", hash = "sha256:6c13879c0d2964335491463302a6ca5ad98105fc5db3565499dcb80b1b4bd839", size = 136007, upload-time = "2025-10-24T15:49:49.938Z" },
    { url = "https://files.pythonhosted.org/packages/c0/a9/967be009ddf0a1fffd7a67de9c36656b28c763659ef91352acc02cbe364c/orjson-3.11.4-cp313-cp313-win_amd64.whl", hash = "sha256:09bf242a4af98732db9f9a1ec57ca2604848e16f132e3f72edfd3c5c96de009a", size = 131314, upload-time = "2025-10-24T15:49:51.248Z" },
    { url = "https://files.pythonhosted.org/packages/cb/db/399abd6950fbd94ce125cb8cd1a968def95174792e127b0642781e040ed4/orjson-3.11.4-cp313-cp313-win_arm64.whl", hash = "sha256:a85f0adf63319d6c1ba06fb0dbf997fced64a01179cf17939a6caca662bf92de", size = 126152, upload-time = "2025-10-24T15:49:52.922Z" },
    { url = "https://files.pythonhosted.org/packages/25/e3/54ff63c093cc1697e758e4fceb53164dd2661a7d1bcd522260ba09f54533/orjson-3.11.4-cp314-cp314-macosx_10_15_x86_64.macosx_11_0_arm64.macosx_10_15_universal2.whl", hash = "sha256:42d43a1f552be1a112af0b21c10a5f553983c2a0938d2bbb8ecd8bc9fb572803", size = 243501, upload-time = "2025-10-24T15:49:54.288Z" },
    { url = "https://files.pythonhosted.org/packages/ac/7d/e2d1076ed2e8e0ae9badca65bf7ef22710f93887b29eaa37f09850604e09/orjson-3.11.4-cp314-cp314-macosx_15_0_arm64.whl", hash = "sha256:26a20f3fbc6c7ff2cb8e89c4c5897762c9d88cf37330c6a117312365d6781d54", size = 128862, upload-time = "2025-10-24T15:49:55.961Z" },
    { url = "https://files.pythonhosted.org/packages/9f/37/ca2eb40b90621faddfa9517dfe96e25f5ae4d8057a7c0cdd613c17e07b2c/orjson-3.11.4-cp314-cp314-manylinux_2_17_aarch64.manylinux2014_aarch64.whl", hash = "sha256:6e3f20be9048941c7ffa8fc523ccbd17f82e24df1549d1d1fe9317712d19938e", size = 130047, upload-time = "2025-10-24T15:49:57.406Z" },
    { url = "https://files.pythonhosted.org/packages/c7/62/1021ed35a1f2bad9040f05fa4cc4f9893410df0ba3eaa323ccf899b1c90a/orjson-3.11.4-cp314-cp314-manylinux_2_17_armv7l.manylinux2014_armv7l.whl", hash = "sha256:aac364c758dc87a52e68e349924d7e4ded348dedff553889e4d9f22f74785316", size = 129073, upload-time = "2025-10-24T15:49:58.782Z" },
    { url = "https://files.pythonhosted.org/packages/e8/3f/f84d966ec2a6fd5f73b1a707e7cd876813422ae4bf9f0145c55c9c6a0f57/orjson-3.11.4-cp314-cp314-manylinux_2_17_i686.manylinux2014_i686.whl", hash = "sha256:d5c54a6d76e3d741dcc3f2707f8eeb9ba2a791d3adbf18f900219b62942803b1", size = 136597, upload-time = "2025-10-24T15:50:00.12Z" },
    { url = "https://files.pythonhosted.org/packages/32/78/4fa0aeca65ee82bbabb49e055bd03fa4edea33f7c080c5c7b9601661ef72/orjson-3.11.4-cp314-cp314-manylinux_2_17_ppc64le.manylinux2014_ppc64le.whl", hash = "sha256:f28485bdca8617b79d44627f5fb04336897041dfd9fa66d383a49d09d86798bc", size = 137515, upload-time = "2025-10-24T15:50:01.57Z" },
    { url = "https://files.pythonhosted.org/packages/c1/9d/0c102e26e7fde40c4c98470796d050a2ec1953897e2c8ab0cb95b0759fa2/orjson-3.11.4-cp314-cp314-manylinux_2_17_s390x.manylinux2014_s390x.whl", hash = "sha256:bfc2a484cad3585e4ba61985a6062a4c2ed5c7925db6d39f1fa267c9d166487f", size = 136703, upload-time = "2025-10-24T15:50:02.944Z" },
    { url = "https://files.pythonhosted.org/packages/df/ac/2de7188705b4cdfaf0b6c97d2f7849c17d2003232f6e70df98602173f788/orjson-3.11.4-cp314-cp314-manylinux_2_17_x86_64.manylinux2014_x86_64.whl", hash = "sha256:e34dbd508cb91c54f9c9788923daca129fe5b55c5b4eebe713bf5ed3791280cf", size = 136311, upload-time = "2025-10-24T15:50:04.441Z" },
    { url = "https://files.pythonhosted.org/packages/e0/52/847fcd1a98407154e944feeb12e3b4d487a0e264c40191fb44d1269cbaa1/orjson-3.11.4-cp314-cp314-musllinux_1_2_aarch64.whl", hash = "sha256:b13c478fa413d4b4ee606ec8e11c3b2e52683a640b006bb586b3041c2ca5f606", size = 140127, upload-time = "2025-10-24T15:50:07.398Z" },
    { url = "https://files.pythonhosted.org/packages/c1/ae/21d208f58bdb847dd4d0d9407e2929862561841baa22bdab7aea10ca088e/orjson-3.11.4-cp314-cp314-musllinux_1_2_armv7l.whl", hash = "sha256:724ca721ecc8a831b319dcd72cfa370cc380db0bf94537f08f7edd0a7d4e1780", size = 406201, upload-time = "2025-10-24T15:50:08.796Z" },
    { url = "https://files.pythonhosted.org/packages/8d/55/0789d6de386c8366059db098a628e2ad8798069e94409b0d8935934cbcb9/orjson-3.11.4-cp314-cp314-musllinux_1_2_i686.whl", hash = "sha256:977c393f2e44845ce1b540e19a786e9643221b3323dae190668a98672d43fb23", size = 149872, upload-time = "2025-10-24T15:50:10.234Z" },
    { url = "https://files.pythonhosted.org/packages/cc/1d/7ff81ea23310e086c17b41d78a72270d9de04481e6113dbe2ac19118f7fb/orjson-3.11.4-cp314-cp314-musllinux_1_2_x86_64.whl", hash = "sha256:1e539e382cf46edec157ad66b0b0872a90d829a6b71f17cb633d6c160a223155", size = 139931, upload-time = "2025-10-24T15:50:11.623Z" },
    { url = "https://files.pythonhosted.org/packages/77/92/25b886252c50ed64be68c937b562b2f2333b45afe72d53d719e46a565a50/orjson-3.11.4-cp314-cp314-win32.whl", hash = "sha256:d63076d625babab9db5e7836118bdfa086e60f37d8a174194ae720161eb12394", size = 136065, upload-time = "2025-10-24T15:50:13.025Z" },
    { url = "https://files.pythonhosted.org/packages/63/b8/718eecf0bb7e9d64e4956afaafd23db9f04c776d445f59fe94f54bdae8f0/orjson-3.11.4-cp314-cp314-win_amd64.whl", hash = "sha256:0a54d6635fa3aaa438ae32e8570b9f0de36f3f6562c308d2a2a452e8b0592db1", size = 131310, upload-time = "2025-10-24T15:50:14.46Z" },
    { url = "https://files.pythonhosted.org/packages/1a/bf/def5e25d4d8bfce296a9a7c8248109bf58622c21618b590678f945a2c59c/orjson-3.11.4-cp314-cp314-win_arm64.whl", hash = "sha256:78b999999039db3cf58f6d230f524f04f75f129ba3d1ca2ed121f8657e575d3d", size = 126151, upload-time = "2025-10-24T15:50:15.878Z" },
]

[[package]]
name = "orjsonl"
version = "1.0.0"
source = { registry = "https://pypi.org/simple" }
dependencies = [
    { name = "orjson" },
    { name = "xopen" },
]
sdist = { url = "https://files.pythonhosted.org/packages/a8/6e/aba71f429cdfc141789afa9ea64d86b4277200a7efd4a3e8a025394178bc/orjsonl-1.0.0.tar.gz", hash = "sha256:5097e7d099a0700a173dbabd90285245442b7940e52386b1470ca1678125e763", size = 7880, upload-time = "2023-11-09T02:27:53.738Z" }
wheels = [
    { url = "https://files.pythonhosted.org/packages/02/9f/4c2899436bcc758b7c0cfa4012ea2a4983601f7580f9926ca10f79f8dbc8/orjsonl-1.0.0-py3-none-any.whl", hash = "sha256:21f5688517a34ae77cd919dac63e11eb103b75da9be60ea910ac4f6862d92a47", size = 5870, upload-time = "2023-11-09T02:27:52.001Z" },
]

[[package]]
name = "pygments"
version = "2.19.2"
source = { registry = "https://pypi.org/simple" }
sdist = { url = "https://files.pythonhosted.org/packages/b0/77/a5b8c569bf593b0140bde72ea885a803b82086995367bf2037de0159d924/pygments-2.19.2.tar.gz", hash = "sha256:636cb2477cec7f8952536970bc533bc43743542f70392ae026374600add5b887", size = 4968631, upload-time = "2025-06-21T13:39:12.283Z" }
wheels = [
    { url = "https://files.pythonhosted.org/packages/c7/21/705964c7812476f378728bdf590ca4b771ec72385c533964653c68e86bdc/pygments-2.19.2-py3-none-any.whl", hash = "sha256:86540386c03d588bb81d44bc3928634ff26449851e99741617ecb9037ee5ec0b", size = 1225217, upload-time = "2025-06-21T13:39:07.939Z" },
]

[[package]]
name = "rich"
version = "14.2.0"
source = { registry = "https://pypi.org/simple" }
dependencies = [
    { name = "markdown-it-py" },
    { name = "pygments" },
]
sdist = { url = "https://files.pythonhosted.org/packages/fb/d2/8920e102050a0de7bfabeb4c4614a49248cf8d5d7a8d01885fbb24dc767a/rich-14.2.0.tar.gz", hash = "sha256:73ff50c7c0c1c77c8243079283f4edb376f0f6442433aecb8ce7e6d0b92d1fe4", size = 219990, upload-time = "2025-10-09T14:16:53.064Z" }
wheels = [
    { url = "https://files.pythonhosted.org/packages/25/7a/b0178788f8dc6cafce37a212c99565fa1fe7872c70c6c9c1e1a372d9d88f/rich-14.2.0-py3-none-any.whl", hash = "sha256:76bc51fe2e57d2b1be1f96c524b890b816e334ab4c1e45888799bfaab0021edd", size = 243393, upload-time = "2025-10-09T14:16:51.245Z" },
]

[[package]]
name = "shellingham"
version = "1.5.4"
source = { registry = "https://pypi.org/simple" }
sdist = { url = "https://files.pythonhosted.org/packages/58/15/8b3609fd3830ef7b27b655beb4b4e9c62313a4e8da8c676e142cc210d58e/shellingham-1.5.4.tar.gz", hash = "sha256:8dbca0739d487e5bd35ab3ca4b36e11c4078f3a234bfce294b0a0291363404de", size = 10310, upload-time = "2023-10-24T04:13:40.426Z" }
wheels = [
    { url = "https://files.pythonhosted.org/packages/e0/f9/0595336914c5619e5f28a1fb793285925a8cd4b432c9da0a987836c7f822/shellingham-1.5.4-py2.py3-none-any.whl", hash = "sha256:7ecfff8f2fd72616f7481040475a65b2bf8af90a56c89140852d1120324e8686", size = 9755, upload-time = "2023-10-24T04:13:38.866Z" },
]

[[package]]
name = "typer"
version = "0.20.0"
source = { registry = "https://pypi.org/simple" }
dependencies = [
    { name = "click" },
    { name = "rich" },
    { name = "shellingham" },
    { name = "typing-extensions" },
]
sdist = { url = "https://files.pythonhosted.org/packages/8f/28/7c85c8032b91dbe79725b6f17d2fffc595dff06a35c7a30a37bef73a1ab4/typer-0.20.0.tar.gz", hash = "sha256:1aaf6494031793e4876fb0bacfa6a912b551cf43c1e63c800df8b1a866720c37", size = 106492, upload-time = "2025-10-20T17:03:49.445Z" }
wheels = [
    { url = "https://files.pythonhosted.org/packages/78/64/7713ffe4b5983314e9d436a90d5bd4f63b6054e2aca783a3cfc44cb95bbf/typer-0.20.0-py3-none-any.whl", hash = "sha256:5b463df6793ec1dca6213a3cf4c0f03bc6e322ac5e16e13ddd622a889489784a", size = 47028, upload-time = "2025-10-20T17:03:47.617Z" },
]

[[package]]
name = "typing-extensions"
version = "4.15.0"
source = { registry = "https://pypi.org/simple" }
sdist = { url = "https://files.pythonhosted.org/packages/72/94/1a15dd82efb362ac84269196e94cf00f187f7ed21c242792a923cdb1c61f/typing_extensions-4.15.0.tar.gz", hash = "sha256:0cea48d173cc12fa28ecabc3b837ea3cf6f38c6d1136f85cbaaf598984861466", size = 109391, upload-time = "2025-08-25T13:49:26.313Z" }
wheels = [
    { url = "https://files.pythonhosted.org/packages/18/67/36e9267722cc04a6b9f15c7f3441c2363321a3ea07da7ae0c0707beb2a9c/typing_extensions-4.15.0-py3-none-any.whl", hash = "sha256:f0fa19c6845758ab08074a0cfa8b7aecb71c999ca73d62883bc25cc018c4e548", size = 44614, upload-time = "2025-08-25T13:49:24.86Z" },
]

[[package]]
name = "xopen"
version = "2.0.2"
source = { registry = "https://pypi.org/simple" }
dependencies = [
    { name = "isal", marker = "platform_machine == 'AMD64' or platform_machine == 'aarch64' or platform_machine == 'x86_64'" },
    { name = "zlib-ng", marker = "platform_machine == 'AMD64' or platform_machine == 'aarch64' or platform_machine == 'x86_64'" },
]
sdist = { url = "https://files.pythonhosted.org/packages/47/01/0abf3e42bb1bf15ce24e4b235b1274e0c3c9ba8e3bbf2300b6323e6f50c1/xopen-2.0.2.tar.gz", hash = "sha256:f19d83de470f5a81725df0140180ec71d198311a1d7dad48f5467b4ad5df6154", size = 32224, upload-time = "2024-06-12T05:19:11.513Z" }
wheels = [
    { url = "https://files.pythonhosted.org/packages/f6/03/c9108ceffdb75f69e1c3bf5d2baadd124acc12ab0a61fb961c66f2b124fd/xopen-2.0.2-py3-none-any.whl", hash = "sha256:74e7f7fb7e7f42bd843c798595fa5a52086d7d1bf3de0e8513c6615516431313", size = 17060, upload-time = "2024-06-12T05:19:09.834Z" },
]

[[package]]
name = "zlib-ng"
version = "1.0.0"
source = { registry = "https://pypi.org/simple" }
sdist = { url = "https://files.pythonhosted.org/packages/46/7d/901c6e333fb031b5bfbd1532099200cf859f12aa83689be494eade6685ec/zlib_ng-1.0.0.tar.gz", hash = "sha256:c753cea73f9e803c246e9bf01a59eb652897ed8a19334ada0f968394c7f61650", size = 5799954, upload-time = "2025-09-10T11:46:17.553Z" }
wheels = [
    { url = "https://files.pythonhosted.org/packages/29/87/70b3c49c0468505cf333a9027c03b2c70f169dc6c0f4cc4d0a4ddbe38875/zlib_ng-1.0.0-cp313-cp313-macosx_10_13_x86_64.whl", hash = "sha256:79b172c6046d8be48500e95e3b6858056a8dfeb95c57d0403c6e7e874bcb87d9", size = 108682, upload-time = "2025-09-10T11:45:19.009Z" },
    { url = "https://files.pythonhosted.org/packages/e1/eb/293e0f4b1598a82972cb45aa80c0b2cac88f6b0f7877081e77aba1abe668/zlib_ng-1.0.0-cp313-cp313-macosx_11_0_arm64.whl", hash = "sha256:8da943c739ffc86679979dcb654294e6bf7d40829de7dca43d453b46b251435c", size = 91290, upload-time = "2025-09-10T11:43:56.252Z" },
    { url = "https://files.pythonhosted.org/packages/77/61/a93b686a3f2dc3c0a44a193757e8ca852f34fac64939f6bbe0c65928f7a6/zlib_ng-1.0.0-cp313-cp313-manylinux2014_aarch64.manylinux_2_17_aarch64.manylinux_2_28_aarch64.whl", hash = "sha256:377dd5ee851e8fea0f81811866eb0463d3e7c781d4c5fd89401ef69036befce3", size = 111303, upload-time = "2025-09-10T12:21:26.286Z" },
    { url = "https://files.pythonhosted.org/packages/e7/15/90ef47172106a3c56697907c048bffc14529c09c8785716ba296d27f0e4e/zlib_ng-1.0.0-cp313-cp313-manylinux2014_x86_64.manylinux_2_17_x86_64.manylinux_2_28_x86_64.whl", hash = "sha256:1e7a8baaa2c766c6ae60417612ce2d8cd08555596662d6b4b5c594095dffaed5", size = 132395, upload-time = "2025-09-10T11:46:09.462Z" },
    { url = "https://files.pythonhosted.org/packages/61/f1/fe005fda8cee96c6ea4a4070d7ebbabf91f65930a750f2af4529ff36db85/zlib_ng-1.0.0-cp313-cp313-musllinux_1_2_aarch64.whl", hash = "sha256:fef21e3c5528e008ac4fc7932d373ba9854090830731db9051c2a9344ae26579", size = 112122, upload-time = "2025-09-10T12:21:27.38Z" },
    { url = "https://files.pythonhosted.org/packages/ba/2d/61b61146fcb8ccd529a0e73818c8a7f6ecdd5fb0a2c4c3be32c9a9397845/zlib_ng-1.0.0-cp313-cp313-musllinux_1_2_x86_64.whl", hash = "sha256:4c30a1c8394d9c48fd9c5290355d00b6fd06f661b3c454d1747c62269e917cdd", size = 133219, upload-time = "2025-09-10T11:46:10.656Z" },
    { url = "https://files.pythonhosted.org/packages/96/cc/255bf0e3098ff31690fa4ab73606330abd9e2f8f260999938456dd450fed/zlib_ng-1.0.0-cp313-cp313-win_amd64.whl", hash = "sha256:6ecf6ab9b7cb31ae192f469d7f1bcc1cae8314c7baf78bb174d43eb9a6e73f0d", size = 93525, upload-time = "2025-09-10T11:54:58.731Z" },
    { url = "https://files.pythonhosted.org/packages/74/ae/6626c0226806459bddd3fa1afef366455c114ce930c390ea435841bcb6ac/zlib_ng-1.0.0-cp314-cp314-macosx_10_13_x86_64.whl", hash = "sha256:616348ca549ba1ee286ab0c276af91f846fca07b602edc21ecf3ba6d36211a4b", size = 108617, upload-time = "2025-09-10T11:45:20.256Z" },
    { url = "https://files.pythonhosted.org/packages/4f/95/0fe707bca0050a49997be6b562271eea63beab100520a9a40ca6e00eafa5/zlib_ng-1.0.0-cp314-cp314-macosx_11_0_arm64.whl", hash = "sha256:f6ef47f702374a2d0fbba709bf85cd124f3e83002ca4d51ecff55ad385ee2e44", size = 91322, upload-time = "2025-09-10T11:43:57.072Z" },
    { url = "https://files.pythonhosted.org/packages/81/32/05bbab262a70101ac6280b3b89b0a7c77df9e7bba7b7e239496d70982d12/zlib_ng-1.0.0-cp314-cp314-manylinux2014_aarch64.manylinux_2_17_aarch64.manylinux_2_28_aarch64.whl", hash = "sha256:501bc6fb57063e107e767ab6079cb8db98d6bacd48f4e04cb3f2ff887604e87d", size = 111366, upload-time = "2025-09-10T12:21:28.444Z" },
    { url = "https://files.pythonhosted.org/packages/1c/a3/781e00b573866bbfca7edb4284495962a0e0ccd55965ac9ff7fde8aed382/zlib_ng-1.0.0-cp314-cp314-manylinux2014_x86_64.manylinux_2_17_x86_64.manylinux_2_28_x86_64.whl", hash = "sha256:0610467509e477b5813c0182bdcffa78b0509c03291f3a83cd844959add609b9", size = 132402, upload-time = "2025-09-10T11:46:11.494Z" },
    { url = "https://files.pythonhosted.org/packages/1d/89/7dfc3cb2a541a98ef5102f9895733527021f64af906d6c44ca260db241b7/zlib_ng-1.0.0-cp314-cp314-musllinux_1_2_aarch64.whl", hash = "sha256:a68ed1ac533c60fa9edcca857a8ef394cc340d442d79a50256a2fd8646458f20", size = 112152, upload-time = "2025-09-10T12:21:29.842Z" },
    { url = "https://files.pythonhosted.org/packages/99/2c/8d99b00e1a3425f059617eb2f242e7edfa1e5e7c50c4d9d4a99896529579/zlib_ng-1.0.0-cp314-cp314-musllinux_1_2_x86_64.whl", hash = "sha256:034c0693a4e88b71866044e386184dedaef5e258fadb756c080fde5c609bcde1", size = 133230, upload-time = "2025-09-10T11:46:12.354Z" },
    { url = "https://files.pythonhosted.org/packages/93/4d/3475605c16a32d7ac4efc8c49c7d7b863ced4311dceca987b2f288f8d673/zlib_ng-1.0.0-cp314-cp314-win_amd64.whl", hash = "sha256:a499413d424fd16c8a245e9dd09206f5574ec93be383a22616fb31d7be82ab75", size = 95906, upload-time = "2025-09-10T11:54:59.844Z" },
    { url = "https://files.pythonhosted.org/packages/ca/b6/2eaa187c51f1aa2ae180d1252522fcb3899e0c456b01927b39965b8a84df/zlib_ng-1.0.0-cp314-cp314t-macosx_10_13_x86_64.whl", hash = "sha256:f903cb4d076ced4628284a76e5aed7b2a9e61a3c1fbe9416feaed1239d6b36ef", size = 109754, upload-time = "2025-09-10T11:45:21.423Z" },
    { url = "https://files.pythonhosted.org/packages/ea/ec/5d97d9e979ea08793c00261e37c1c47400d066ca70f80bfb3493381e5b38/zlib_ng-1.0.0-cp314-cp314t-macosx_11_0_arm64.whl", hash = "sha256:0175e33a1faf96f184cfa4c0aa542ce4146acca02f4f3420ce50e0541c926d80", size = 92534, upload-time = "2025-09-10T11:43:57.892Z" },
    { url = "https://files.pythonhosted.org/packages/51/df/83fc566a7f8140427fc812e065b89680f1ff97d60e95184553d609bfb679/zlib_ng-1.0.0-cp314-cp314t-manylinux2014_aarch64.manylinux_2_17_aarch64.manylinux_2_28_aarch64.whl", hash = "sha256:1b7d4aa8a2f165582eb2345817b4ae2fb3a90d87e9eabe2d2f1d16a14c3c14d6", size = 112130, upload-time = "2025-09-10T12:21:30.981Z" },
    { url = "https://files.pythonhosted.org/packages/d2/15/1fc7d95fda3788f6429a9067647a71d41a31f246d0012e615530959082ce/zlib_ng-1.0.0-cp314-cp314t-manylinux2014_x86_64.manylinux_2_17_x86_64.manylinux_2_28_x86_64.whl", hash = "sha256:0da75a236bbc05b2adfd83c42bd768fbcbf665e9423e5f893f79cf7b1fcf35da", size = 132835, upload-time = "2025-09-10T11:46:13.257Z" },
    { url = "https://files.pythonhosted.org/packages/38/1e/e8bba2ee85ea99ad9a736c66d78471bb141ecb3c9ee49cfbabf0abe16f51/zlib_ng-1.0.0-cp314-cp314t-musllinux_1_2_aarch64.whl", hash = "sha256:538fbc57f29d8a1508346813e7c349286a12155de61bad862169261c3237b996", size = 112812, upload-time = "2025-09-10T12:21:32.397Z" },
    { url = "https://files.pythonhosted.org/packages/b8/16/8304e87fa66030f5f5def10fb55c1a7441c3605ce099a2ec7b5d61bded47/zlib_ng-1.0.0-cp314-cp314t-musllinux_1_2_x86_64.whl", hash = "sha256:67990ae37dca082e190487aa1af58452c474dcf137b39df736c23e91f7b0915b", size = 133554, upload-time = "2025-09-10T11:46:14.508Z" },
    { url = "https://files.pythonhosted.org/packages/3b/f3/09d4abcea093749eeba4f7c876cf769ebf34e70df3e3041385943ca07292/zlib_ng-1.0.0-cp314-cp314t-win_amd64.whl", hash = "sha256:76b3832ce6b1b04ccd1efb58d4f37fabbb83eb946ea2710c19d586a9d9a4a45b", size = 97279, upload-time = "2025-09-10T11:55:01.227Z" },
]
